{
  "version": "5",
  "specifiers": {
    "jsr:@std/assert@^1.0.13": "1.0.13",
    "jsr:@std/internal@^1.0.6": "1.0.8",
    "npm:pdfjs-dist@^5.4.394": "5.4.394"
  },
  "jsr": {
    "@std/assert@1.0.13": {
      "integrity": "ae0d31e41919b12c656c742b22522c32fb26ed0cba32975cb0de2a273cb68b29",
      "dependencies": [
        "jsr:@std/internal"
      ]
    },
    "@std/internal@1.0.8": {
      "integrity": "fc66e846d8d38a47cffd274d80d2ca3f0de71040f855783724bb6b87f60891f5"
    }
  },
  "npm": {
    "@napi-rs/canvas-android-arm64@0.1.81": {
      "integrity": "sha512-78Lz+AUi+MsWupyZjXwpwQrp1QCwncPvRZrdvrROcZ9Gq9grP7LfQZiGdR8LKyHIq3OR18mDP+JESGT15V1nXw==",
      "os": ["android"],
      "cpu": ["arm64"]
    },
    "@napi-rs/canvas-darwin-arm64@0.1.81": {
      "integrity": "sha512-omejuKgHWKDGoh8rsgsyhm/whwxMaryTQjJTd9zD7hiB9/rzcEEJLHnzXWR5ysy4/tTjHaQotE6k2t8eodTLnA==",
      "os": ["darwin"],
      "cpu": ["arm64"]
    },
    "@napi-rs/canvas-darwin-x64@0.1.81": {
      "integrity": "sha512-EYfk+co6BElq5DXNH9PBLYDYwc4QsvIVbyrsVHsxVpn4p6Y3/s8MChgC69AGqj3vzZBQ1qx2CRCMtg5cub+XuQ==",
      "os": ["darwin"],
      "cpu": ["x64"]
    },
    "@napi-rs/canvas-linux-arm-gnueabihf@0.1.81": {
      "integrity": "sha512-teh6Q74CyAcH31yLNQGR9MtXSFxlZa5CI6vvNUISI14gWIJWrhOwUAOly+KRe1aztWR0FWTVSPxM4p5y+06aow==",
      "os": ["linux"],
      "cpu": ["arm"]
    },
    "@napi-rs/canvas-linux-arm64-gnu@0.1.81": {
      "integrity": "sha512-AGEopHFYRzJOjxY+2G1RmHPRnuWvO3Qdhq7sIazlSjxb3Z6dZHg7OB/4ZimXaimPjDACm9qWa6t5bn9bhXvkcw==",
      "os": ["linux"],
      "cpu": ["arm64"]
    },
    "@napi-rs/canvas-linux-arm64-musl@0.1.81": {
      "integrity": "sha512-Bj3m1cl4GIhsigkdwOxii4g4Ump3/QhNpx85IgAlCCYXpaly6mcsWpuDYEabfIGWOWhDUNBOndaQUPfWK1czOQ==",
      "os": ["linux"],
      "cpu": ["arm64"]
    },
    "@napi-rs/canvas-linux-riscv64-gnu@0.1.81": {
      "integrity": "sha512-yg/5NkHykVdwPlD3XObwCa/EswkOwLHswJcI9rHrac+znHsmCSj5AMX/RTU9Z9F6lZTwL60JM2Esit33XhAMiw==",
      "os": ["linux"],
      "cpu": ["riscv64"]
    },
    "@napi-rs/canvas-linux-x64-gnu@0.1.81": {
      "integrity": "sha512-tPfMpSEBuV5dJSKexO/UZxpOqnYTaNbG8aKa1ek8QsWu+4SJ/foWkaxscra/RUv85vepx6WWDjzBNbNJsTnO0w==",
      "os": ["linux"],
      "cpu": ["x64"]
    },
    "@napi-rs/canvas-linux-x64-musl@0.1.81": {
      "integrity": "sha512-1L0xnYgzqn8Baef+inPvY4dKqdmw3KCBoe0NEDgezuBZN7MA5xElwifoG8609uNdrMtJ9J6QZarsslLRVqri7g==",
      "os": ["linux"],
      "cpu": ["x64"]
    },
    "@napi-rs/canvas-win32-x64-msvc@0.1.81": {
      "integrity": "sha512-57ryVbhm/z7RE9/UVcS7mrLPdlayLesy+9U0Uf6epCoeSGrs99tfieCcgZWFbIgmByQ1AZnNtFI2N6huqDLlWQ==",
      "os": ["win32"],
      "cpu": ["x64"]
    },
    "@napi-rs/canvas@0.1.81": {
      "integrity": "sha512-ReCjd5SYI/UKx/olaQLC4GtN6wUQGjlgHXs1lvUvWGXfBMR3Fxnik3cL+OxKN5ithNdoU0/GlCrdKcQDFh2XKQ==",
      "optionalDependencies": [
        "@napi-rs/canvas-android-arm64",
        "@napi-rs/canvas-darwin-arm64",
        "@napi-rs/canvas-darwin-x64",
        "@napi-rs/canvas-linux-arm-gnueabihf",
        "@napi-rs/canvas-linux-arm64-gnu",
        "@napi-rs/canvas-linux-arm64-musl",
        "@napi-rs/canvas-linux-riscv64-gnu",
        "@napi-rs/canvas-linux-x64-gnu",
        "@napi-rs/canvas-linux-x64-musl",
        "@napi-rs/canvas-win32-x64-msvc"
      ]
    },
    "pdfjs-dist@5.4.394": {
      "integrity": "sha512-9ariAYGqUJzx+V/1W4jHyiyCep6IZALmDzoaTLZ6VNu8q9LWi1/ukhzHgE2Xsx96AZi0mbZuK4/ttIbqSbLypg==",
      "optionalDependencies": [
        "@napi-rs/canvas"
      ]
    }
  },
  "workspace": {
    "dependencies": [
      "jsr:@std/assert@^1.0.13",
      "npm:pdfjs-dist@^5.4.394"
    ]
  }
}
